// !$*UTF8*$!
{
	archiveVersion = 1;
	classes = {
	};
	objectVersion = 56;
	objects = {

/* Begin PBXBuildFile section */
		917AF7E829BAAADE00A86EBA /* AliceWallet1App.swift in Sources */ = {isa = PBXBuildFile; fileRef = 917AF7E729BAAADE00A86EBA /* AliceWallet1App.swift */; };
		917AF7EA29BAAADE00A86EBA /* ContentView.swift in Sources */ = {isa = PBXBuildFile; fileRef = 917AF7E929BAAADE00A86EBA /* ContentView.swift */; };
		917AF7EC29BAAAE000A86EBA /* Assets.xcassets in Resources */ = {isa = PBXBuildFile; fileRef = 917AF7EB29BAAAE000A86EBA /* Assets.xcassets */; };
		917AF7EF29BAAAE000A86EBA /* Preview Assets.xcassets in Resources */ = {isa = PBXBuildFile; fileRef = 917AF7EE29BAAAE000A86EBA /* Preview Assets.xcassets */; };
		917AF7F329BAAC0900A86EBA /* Networks in Resources */ = {isa = PBXBuildFile; fileRef = 913EFE9028279C20007DA561 /* Networks */; };
/* End PBXBuildFile section */

/* Begin PBXFileReference section */
		04ABF9D6FF92B79401D73B68 /* Pods-Alice Wallet.debug.xcconfig */ = {isa = PBXFileReference; includeInIndex = 1; lastKnownFileType = text.xcconfig; name = "Pods-Alice Wallet.debug.xcconfig"; path = "Target Support Files/Pods-Alice Wallet/Pods-Alice Wallet.debug.xcconfig"; sourceTree = "<group>"; };
		27A867E94489D67132E7F18F /* Pods_Alice_Wallet.framework */ = {isa = PBXFileReference; explicitFileType = wrapper.framework; includeInIndex = 0; path = Pods_Alice_Wallet.framework; sourceTree = BUILT_PRODUCTS_DIR; };
		85C9D1CCD54447902019D492 /* Pods-Alice Wallet.release.xcconfig */ = {isa = PBXFileReference; includeInIndex = 1; lastKnownFileType = text.xcconfig; name = "Pods-Alice Wallet.release.xcconfig"; path = "Target Support Files/Pods-Alice Wallet/Pods-Alice Wallet.release.xcconfig"; sourceTree = "<group>"; };
		913EFE9028279C20007DA561 /* Networks */ = {isa = PBXFileReference; lastKnownFileType = folder; path = Networks; sourceTree = "<group>"; };
		91617FF728D2FE5000A9E500 /* MockVcxModel.swift */ = {isa = PBXFileReference; lastKnownFileType = sourcecode.swift; path = MockVcxModel.swift; sourceTree = "<group>"; };
		916219B82744C5350036888C /* VcxModel.swift */ = {isa = PBXFileReference; lastKnownFileType = sourcecode.swift; path = VcxModel.swift; sourceTree = "<group>"; };
		9165FFE22751CC38009C1B82 /* LedgerView.swift */ = {isa = PBXFileReference; lastKnownFileType = sourcecode.swift; path = LedgerView.swift; sourceTree = "<group>"; };
		917AF7E529BAAADD00A86EBA /* AliceWallet1.app */ = {isa = PBXFileReference; explicitFileType = wrapper.application; includeInIndex = 0; path = AliceWallet1.app; sourceTree = BUILT_PRODUCTS_DIR; };
		917AF7E729BAAADE00A86EBA /* AliceWallet1App.swift */ = {isa = PBXFileReference; lastKnownFileType = sourcecode.swift; path = AliceWallet1App.swift; sourceTree = "<group>"; };
		917AF7E929BAAADE00A86EBA /* ContentView.swift */ = {isa = PBXFileReference; lastKnownFileType = sourcecode.swift; path = ContentView.swift; sourceTree = "<group>"; };
		917AF7EB29BAAAE000A86EBA /* Assets.xcassets */ = {isa = PBXFileReference; lastKnownFileType = folder.assetcatalog; path = Assets.xcassets; sourceTree = "<group>"; };
		917AF7EE29BAAAE000A86EBA /* Preview Assets.xcassets */ = {isa = PBXFileReference; lastKnownFileType = folder.assetcatalog; path = "Preview Assets.xcassets"; sourceTree = "<group>"; };
		9180659E2824B67300F8A98B /* OnboardingView.swift */ = {isa = PBXFileReference; lastKnownFileType = sourcecode.swift; path = OnboardingView.swift; sourceTree = "<group>"; };
		9192303F2741F3B800A4D31D /* VcxAdaptor.swift */ = {isa = PBXFileReference; lastKnownFileType = sourcecode.swift; path = VcxAdaptor.swift; sourceTree = "<group>"; };
		91BC531728192BFE00F503B4 /* Model.xcdatamodel */ = {isa = PBXFileReference; lastKnownFileType = wrapper.xcdatamodel; path = Model.xcdatamodel; sourceTree = "<group>"; };
		91CF5074273F773700DFFCD7 /* AliceWallet1App.swift */ = {isa = PBXFileReference; lastKnownFileType = sourcecode.swift; path = AliceWallet1App.swift; sourceTree = "<group>"; };
		91CF5076273F773700DFFCD7 /* WalletView.swift */ = {isa = PBXFileReference; lastKnownFileType = sourcecode.swift; path = WalletView.swift; sourceTree = "<group>"; };
		91CF5078273F773800DFFCD7 /* Assets.xcassets */ = {isa = PBXFileReference; lastKnownFileType = folder.assetcatalog; path = Assets.xcassets; sourceTree = "<group>"; };
		91CF507B273F773800DFFCD7 /* Preview Assets.xcassets */ = {isa = PBXFileReference; lastKnownFileType = folder.assetcatalog; path = "Preview Assets.xcassets"; sourceTree = "<group>"; };
		91DB9C65274B299C003632E6 /* ConnectionsView.swift */ = {isa = PBXFileReference; lastKnownFileType = sourcecode.swift; path = ConnectionsView.swift; sourceTree = "<group>"; };
		91DB9C67274B2FF4003632E6 /* AgencyView.swift */ = {isa = PBXFileReference; lastKnownFileType = sourcecode.swift; path = AgencyView.swift; sourceTree = "<group>"; };
		91DB9C69274BB11F003632E6 /* ContentView.swift */ = {isa = PBXFileReference; lastKnownFileType = sourcecode.swift; path = ContentView.swift; sourceTree = "<group>"; };
		91F70EB327560E760004CC90 /* CredentialView.swift */ = {isa = PBXFileReference; lastKnownFileType = sourcecode.swift; path = CredentialView.swift; sourceTree = "<group>"; };
/* End PBXFileReference section */

/* Begin PBXFrameworksBuildPhase section */
		917AF7E229BAAADD00A86EBA /* Frameworks */ = {
			isa = PBXFrameworksBuildPhase;
			buildActionMask = 2147483647;
			files = (
			);
			runOnlyForDeploymentPostprocessing = 0;
		};
/* End PBXFrameworksBuildPhase section */

/* Begin PBXGroup section */
		8B6AB78736950D0726487CC4 /* Pods */ = {
			isa = PBXGroup;
			children = (
				04ABF9D6FF92B79401D73B68 /* Pods-Alice Wallet.debug.xcconfig */,
				85C9D1CCD54447902019D492 /* Pods-Alice Wallet.release.xcconfig */,
			);
			path = Pods;
			sourceTree = "<group>";
		};
		917AF7E629BAAADE00A86EBA /* AliceWallet1 */ = {
			isa = PBXGroup;
			children = (
				917AF7E729BAAADE00A86EBA /* AliceWallet1App.swift */,
				917AF7E929BAAADE00A86EBA /* ContentView.swift */,
				917AF7EB29BAAAE000A86EBA /* Assets.xcassets */,
				917AF7ED29BAAAE000A86EBA /* Preview Content */,
			);
			path = AliceWallet1;
			sourceTree = "<group>";
		};
		917AF7ED29BAAAE000A86EBA /* Preview Content */ = {
			isa = PBXGroup;
			children = (
				917AF7EE29BAAAE000A86EBA /* Preview Assets.xcassets */,
			);
			path = "Preview Content";
			sourceTree = "<group>";
		};
		91CF5068273F773700DFFCD7 = {
			isa = PBXGroup;
			children = (
				91CF5073273F773700DFFCD7 /* AliceWallet1 */,
				917AF7E629BAAADE00A86EBA /* AliceWallet1 */,
				91CF5072273F773700DFFCD7 /* Products */,
				8B6AB78736950D0726487CC4 /* Pods */,
				A380F23F14688B4BCC352085 /* Frameworks */,
			);
			sourceTree = "<group>";
		};
		91CF5072273F773700DFFCD7 /* Products */ = {
			isa = PBXGroup;
			children = (
				917AF7E529BAAADD00A86EBA /* AliceWallet1.app */,
			);
			name = Products;
			sourceTree = "<group>";
		};
		91CF5073273F773700DFFCD7 /* AliceWallet1 */ = {
			isa = PBXGroup;
			children = (
				913EFE9028279C20007DA561 /* Networks */,
				91CF5074273F773700DFFCD7 /* AliceWallet1App.swift */,
				91CF5076273F773700DFFCD7 /* WalletView.swift */,
				91CF5078273F773800DFFCD7 /* Assets.xcassets */,
				91CF507A273F773800DFFCD7 /* Preview Content */,
				9192303F2741F3B800A4D31D /* VcxAdaptor.swift */,
				916219B82744C5350036888C /* VcxModel.swift */,
				91DB9C65274B299C003632E6 /* ConnectionsView.swift */,
				91DB9C67274B2FF4003632E6 /* AgencyView.swift */,
				91DB9C69274BB11F003632E6 /* ContentView.swift */,
				9165FFE22751CC38009C1B82 /* LedgerView.swift */,
				91F70EB327560E760004CC90 /* CredentialView.swift */,
				91BC531628192BFE00F503B4 /* Model.xcdatamodeld */,
				9180659E2824B67300F8A98B /* OnboardingView.swift */,
				91617FF728D2FE5000A9E500 /* MockVcxModel.swift */,
			);
			path = AliceWallet1;
			sourceTree = "<group>";
		};
		91CF507A273F773800DFFCD7 /* Preview Content */ = {
			isa = PBXGroup;
			children = (
				91CF507B273F773800DFFCD7 /* Preview Assets.xcassets */,
			);
			path = "Preview Content";
			sourceTree = "<group>";
		};
		A380F23F14688B4BCC352085 /* Frameworks */ = {
			isa = PBXGroup;
			children = (
				27A867E94489D67132E7F18F /* Pods_Alice_Wallet.framework */,
			);
			name = Frameworks;
			sourceTree = "<group>";
		};
/* End PBXGroup section */

/* Begin PBXNativeTarget section */
		917AF7E429BAAADD00A86EBA /* AliceWallet1 */ = {
			isa = PBXNativeTarget;
			buildConfigurationList = 917AF7F029BAAAE000A86EBA /* Build configuration list for PBXNativeTarget "AliceWallet1" */;
			buildPhases = (
				917AF7E129BAAADD00A86EBA /* Sources */,
				917AF7E229BAAADD00A86EBA /* Frameworks */,
				917AF7E329BAAADD00A86EBA /* Resources */,
			);
			buildRules = (
			);
			dependencies = (
			);
			name = AliceWallet1;
			productName = AliceWallet1;
			productReference = 917AF7E529BAAADD00A86EBA /* AliceWallet1.app */;
			productType = "com.apple.product-type.application";
		};
/* End PBXNativeTarget section */

/* Begin PBXProject section */
		91CF5069273F773700DFFCD7 /* Project object */ = {
			isa = PBXProject;
			attributes = {
				BuildIndependentTargetsInParallel = 1;
				LastSwiftUpdateCheck = 1420;
				LastUpgradeCheck = 1300;
				TargetAttributes = {
					917AF7E429BAAADD00A86EBA = {
						CreatedOnToolsVersion = 14.2;
					};
				};
			};
			buildConfigurationList = 91CF506C273F773700DFFCD7 /* Build configuration list for PBXProject "AliceWallet1" */;
			compatibilityVersion = "Xcode 14.0";
			developmentRegion = en;
			hasScannedForEncodings = 0;
			knownRegions = (
				en,
				Base,
			);
			mainGroup = 91CF5068273F773700DFFCD7;
			productRefGroup = 91CF5072273F773700DFFCD7 /* Products */;
			projectDirPath = "";
			projectRoot = "";
			targets = (
				917AF7E429BAAADD00A86EBA /* AliceWallet1 */,
			);
		};
/* End PBXProject section */

/* Begin PBXResourcesBuildPhase section */
		917AF7E329BAAADD00A86EBA /* Resources */ = {
			isa = PBXResourcesBuildPhase;
			buildActionMask = 2147483647;
			files = (
				917AF7F329BAAC0900A86EBA /* Networks in Resources */,
				917AF7EF29BAAAE000A86EBA /* Preview Assets.xcassets in Resources */,
				917AF7EC29BAAAE000A86EBA /* Assets.xcassets in Resources */,
			);
			runOnlyForDeploymentPostprocessing = 0;
		};
/* End PBXResourcesBuildPhase section */

/* Begin PBXSourcesBuildPhase section */
		917AF7E129BAAADD00A86EBA /* Sources */ = {
			isa = PBXSourcesBuildPhase;
			buildActionMask = 2147483647;
			files = (
				917AF7EA29BAAADE00A86EBA /* ContentView.swift in Sources */,
				917AF7E829BAAADE00A86EBA /* AliceWallet1App.swift in Sources */,
			);
			runOnlyForDeploymentPostprocessing = 0;
		};
/* End PBXSourcesBuildPhase section */

/* Begin XCBuildConfiguration section */
		917AF7F129BAAAE000A86EBA /* Debug */ = {
			isa = XCBuildConfiguration;
			buildSettings = {
				ASSETCATALOG_COMPILER_APPICON_NAME = AppIcon;
				ASSETCATALOG_COMPILER_GLOBAL_ACCENT_COLOR_NAME = AccentColor;
				CLANG_CXX_LANGUAGE_STANDARD = "gnu++20";
				CODE_SIGN_STYLE = Automatic;
				CURRENT_PROJECT_VERSION = 1;
				DEVELOPMENT_ASSET_PATHS = "\"AliceWallet1/Preview Content\"";
				DEVELOPMENT_TEAM = UPW8L2KAS5;
				ENABLE_PREVIEWS = YES;
				GENERATE_INFOPLIST_FILE = YES;
				INFOPLIST_KEY_UIApplicationSceneManifest_Generation = YES;
				INFOPLIST_KEY_UIApplicationSupportsIndirectInputEvents = YES;
				INFOPLIST_KEY_UILaunchScreen_Generation = YES;
				INFOPLIST_KEY_UISupportedInterfaceOrientations = UIInterfaceOrientationPortrait;
				INFOPLIST_KEY_UISupportedInterfaceOrientations_iPad = "UIInterfaceOrientationLandscapeLeft UIInterfaceOrientationLandscapeRight UIInterfaceOrientationPortrait UIInterfaceOrientationPortraitUpsideDown";
				IPHONEOS_DEPLOYMENT_TARGET = 16.2;
				LD_RUNPATH_SEARCH_PATHS = (
					"$(inherited)",
					"@executable_path/Frameworks",
				);
				MARKETING_VERSION = 1.0;
				PRODUCT_BUNDLE_IDENTIFIER = kukgini.AliceWallet1;
				PRODUCT_NAME = "$(TARGET_NAME)";
				SUPPORTED_PLATFORMS = "iphoneos iphonesimulator";
				SUPPORTS_MACCATALYST = NO;
				SUPPORTS_MAC_DESIGNED_FOR_IPHONE_IPAD = NO;
				SWIFT_EMIT_LOC_STRINGS = YES;
				SWIFT_VERSION = 5.0;
				TARGETED_DEVICE_FAMILY = 1;
			};
			name = Debug;
		};
		917AF7F229BAAAE000A86EBA /* Release */ = {
			isa = XCBuildConfiguration;
			buildSettings = {
				ASSETCATALOG_COMPILER_APPICON_NAME = AppIcon;
				ASSETCATALOG_COMPILER_GLOBAL_ACCENT_COLOR_NAME = AccentColor;
				CLANG_CXX_LANGUAGE_STANDARD = "gnu++20";
				CODE_SIGN_STYLE = Automatic;
				CURRENT_PROJECT_VERSION = 1;
				DEVELOPMENT_ASSET_PATHS = "\"AliceWallet1/Preview Content\"";
				DEVELOPMENT_TEAM = UPW8L2KAS5;
				ENABLE_PREVIEWS = YES;
				GENERATE_INFOPLIST_FILE = YES;
				INFOPLIST_KEY_UIApplicationSceneManifest_Generation = YES;
				INFOPLIST_KEY_UIApplicationSupportsIndirectInputEvents = YES;
				INFOPLIST_KEY_UILaunchScreen_Generation = YES;
				INFOPLIST_KEY_UISupportedInterfaceOrientations = UIInterfaceOrientationPortrait;
				INFOPLIST_KEY_UISupportedInterfaceOrientations_iPad = "UIInterfaceOrientationLandscapeLeft UIInterfaceOrientationLandscapeRight UIInterfaceOrientationPortrait UIInterfaceOrientationPortraitUpsideDown";
				IPHONEOS_DEPLOYMENT_TARGET = 16.2;
				LD_RUNPATH_SEARCH_PATHS = (
					"$(inherited)",
					"@executable_path/Frameworks",
				);
				MARKETING_VERSION = 1.0;
				PRODUCT_BUNDLE_IDENTIFIER = kukgini.AliceWallet1;
				PRODUCT_NAME = "$(TARGET_NAME)";
				SUPPORTED_PLATFORMS = "iphoneos iphonesimulator";
				SUPPORTS_MACCATALYST = NO;
				SUPPORTS_MAC_DESIGNED_FOR_IPHONE_IPAD = NO;
				SWIFT_EMIT_LOC_STRINGS = YES;
				SWIFT_VERSION = 5.0;
				TARGETED_DEVICE_FAMILY = 1;
			};
			name = Release;
		};
		91CF507D273F773800DFFCD7 /* Debug */ = {
			isa = XCBuildConfiguration;
			buildSettings = {
				ALWAYS_SEARCH_USER_PATHS = NO;
				CLANG_ANALYZER_NONNULL = YES;
				CLANG_ANALYZER_NUMBER_OBJECT_CONVERSION = YES_AGGRESSIVE;
				CLANG_CXX_LANGUAGE_STANDARD = "gnu++17";
				CLANG_CXX_LIBRARY = "libc++";
				CLANG_ENABLE_MODULES = YES;
				CLANG_ENABLE_OBJC_ARC = YES;
				CLANG_ENABLE_OBJC_WEAK = YES;
				CLANG_WARN_BLOCK_CAPTURE_AUTORELEASING = YES;
				CLANG_WARN_BOOL_CONVERSION = YES;
				CLANG_WARN_COMMA = YES;
				CLANG_WARN_CONSTANT_CONVERSION = YES;
				CLANG_WARN_DEPRECATED_OBJC_IMPLEMENTATIONS = YES;
				CLANG_WARN_DIRECT_OBJC_ISA_USAGE = YES_ERROR;
				CLANG_WARN_DOCUMENTATION_COMMENTS = YES;
				CLANG_WARN_EMPTY_BODY = YES;
				CLANG_WARN_ENUM_CONVERSION = YES;
				CLANG_WARN_INFINITE_RECURSION = YES;
				CLANG_WARN_INT_CONVERSION = YES;
				CLANG_WARN_NON_LITERAL_NULL_CONVERSION = YES;
				CLANG_WARN_OBJC_IMPLICIT_RETAIN_SELF = YES;
				CLANG_WARN_OBJC_LITERAL_CONVERSION = YES;
				CLANG_WARN_OBJC_ROOT_CLASS = YES_ERROR;
				CLANG_WARN_QUOTED_INCLUDE_IN_FRAMEWORK_HEADER = YES;
				CLANG_WARN_RANGE_LOOP_ANALYSIS = YES;
				CLANG_WARN_STRICT_PROTOTYPES = YES;
				CLANG_WARN_SUSPICIOUS_MOVE = YES;
				CLANG_WARN_UNGUARDED_AVAILABILITY = YES_AGGRESSIVE;
				CLANG_WARN_UNREACHABLE_CODE = YES;
				CLANG_WARN__DUPLICATE_METHOD_MATCH = YES;
				COPY_PHASE_STRIP = NO;
				DEBUG_INFORMATION_FORMAT = dwarf;
				ENABLE_STRICT_OBJC_MSGSEND = YES;
				ENABLE_TESTABILITY = YES;
				GCC_C_LANGUAGE_STANDARD = gnu11;
				GCC_DYNAMIC_NO_PIC = NO;
				GCC_NO_COMMON_BLOCKS = YES;
				GCC_OPTIMIZATION_LEVEL = 0;
				GCC_PREPROCESSOR_DEFINITIONS = (
					"DEBUG=1",
					"$(inherited)",
				);
				GCC_WARN_64_TO_32_BIT_CONVERSION = YES;
				GCC_WARN_ABOUT_RETURN_TYPE = YES_ERROR;
				GCC_WARN_UNDECLARED_SELECTOR = YES;
				GCC_WARN_UNINITIALIZED_AUTOS = YES_AGGRESSIVE;
				GCC_WARN_UNUSED_FUNCTION = YES;
				GCC_WARN_UNUSED_VARIABLE = YES;
				IPHONEOS_DEPLOYMENT_TARGET = 15.0;
				MTL_ENABLE_DEBUG_INFO = INCLUDE_SOURCE;
				MTL_FAST_MATH = YES;
				ONLY_ACTIVE_ARCH = YES;
				SDKROOT = iphoneos;
				SWIFT_ACTIVE_COMPILATION_CONDITIONS = DEBUG;
				SWIFT_OPTIMIZATION_LEVEL = "-Onone";
			};
			name = Debug;
		};
		91CF507E273F773800DFFCD7 /* Release */ = {
			isa = XCBuildConfiguration;
			buildSettings = {
				ALWAYS_SEARCH_USER_PATHS = NO;
				CLANG_ANALYZER_NONNULL = YES;
				CLANG_ANALYZER_NUMBER_OBJECT_CONVERSION = YES_AGGRESSIVE;
				CLANG_CXX_LANGUAGE_STANDARD = "gnu++17";
				CLANG_CXX_LIBRARY = "libc++";
				CLANG_ENABLE_MODULES = YES;
				CLANG_ENABLE_OBJC_ARC = YES;
				CLANG_ENABLE_OBJC_WEAK = YES;
				CLANG_WARN_BLOCK_CAPTURE_AUTORELEASING = YES;
				CLANG_WARN_BOOL_CONVERSION = YES;
				CLANG_WARN_COMMA = YES;
				CLANG_WARN_CONSTANT_CONVERSION = YES;
				CLANG_WARN_DEPRECATED_OBJC_IMPLEMENTATIONS = YES;
				CLANG_WARN_DIRECT_OBJC_ISA_USAGE = YES_ERROR;
				CLANG_WARN_DOCUMENTATION_COMMENTS = YES;
				CLANG_WARN_EMPTY_BODY = YES;
				CLANG_WARN_ENUM_CONVERSION = YES;
				CLANG_WARN_INFINITE_RECURSION = YES;
				CLANG_WARN_INT_CONVERSION = YES;
				CLANG_WARN_NON_LITERAL_NULL_CONVERSION = YES;
				CLANG_WARN_OBJC_IMPLICIT_RETAIN_SELF = YES;
				CLANG_WARN_OBJC_LITERAL_CONVERSION = YES;
				CLANG_WARN_OBJC_ROOT_CLASS = YES_ERROR;
				CLANG_WARN_QUOTED_INCLUDE_IN_FRAMEWORK_HEADER = YES;
				CLANG_WARN_RANGE_LOOP_ANALYSIS = YES;
				CLANG_WARN_STRICT_PROTOTYPES = YES;
				CLANG_WARN_SUSPICIOUS_MOVE = YES;
				CLANG_WARN_UNGUARDED_AVAILABILITY = YES_AGGRESSIVE;
				CLANG_WARN_UNREACHABLE_CODE = YES;
				CLANG_WARN__DUPLICATE_METHOD_MATCH = YES;
				COPY_PHASE_STRIP = NO;
				DEBUG_INFORMATION_FORMAT = "dwarf-with-dsym";
				ENABLE_NS_ASSERTIONS = NO;
				ENABLE_STRICT_OBJC_MSGSEND = YES;
				GCC_C_LANGUAGE_STANDARD = gnu11;
				GCC_NO_COMMON_BLOCKS = YES;
				GCC_WARN_64_TO_32_BIT_CONVERSION = YES;
				GCC_WARN_ABOUT_RETURN_TYPE = YES_ERROR;
				GCC_WARN_UNDECLARED_SELECTOR = YES;
				GCC_WARN_UNINITIALIZED_AUTOS = YES_AGGRESSIVE;
				GCC_WARN_UNUSED_FUNCTION = YES;
				GCC_WARN_UNUSED_VARIABLE = YES;
				IPHONEOS_DEPLOYMENT_TARGET = 15.0;
				MTL_ENABLE_DEBUG_INFO = NO;
				MTL_FAST_MATH = YES;
				SDKROOT = iphoneos;
				SWIFT_COMPILATION_MODE = wholemodule;
				SWIFT_OPTIMIZATION_LEVEL = "-O";
				VALIDATE_PRODUCT = YES;
			};
			name = Release;
		};
/* End XCBuildConfiguration section */

/* Begin XCConfigurationList section */
		917AF7F029BAAAE000A86EBA /* Build configuration list for PBXNativeTarget "AliceWallet1" */ = {
			isa = XCConfigurationList;
			buildConfigurations = (
				917AF7F129BAAAE000A86EBA /* Debug */,
				917AF7F229BAAAE000A86EBA /* Release */,
			);
			defaultConfigurationIsVisible = 0;
			defaultConfigurationName = Release;
		};
		91CF506C273F773700DFFCD7 /* Build configuration list for PBXProject "AliceWallet1" */ = {
			isa = XCConfigurationList;
			buildConfigurations = (
				91CF507D273F773800DFFCD7 /* Debug */,
				91CF507E273F773800DFFCD7 /* Release */,
			);
			defaultConfigurationIsVisible = 0;
			defaultConfigurationName = Release;
		};
/* End XCConfigurationList section */

/* Begin XCVersionGroup section */
		91BC531628192BFE00F503B4 /* Model.xcdatamodeld */ = {
			isa = XCVersionGroup;
			children = (
				91BC531728192BFE00F503B4 /* Model.xcdatamodel */,
			);
			currentVersion = 91BC531728192BFE00F503B4 /* Model.xcdatamodel */;
			path = Model.xcdatamodeld;
			sourceTree = "<group>";
			versionGroupType = wrapper.xcdatamodel;
		};
/* End XCVersionGroup section */
	};
	rootObject = 91CF5069273F773700DFFCD7 /* Project object */;
}
